// !$*UTF8*$!
{
	archiveVersion = 1;
	classes = {
	};
	objectVersion = 46;
	objects = {

/* Begin PBXBuildFile section */
		92A51B271C43FE4B006A2A14 /* AppDelegate.swift in Sources */ = {isa = PBXBuildFile; fileRef = 92A51B261C43FE4B006A2A14 /* AppDelegate.swift */; };
		92A51B291C43FE4B006A2A14 /* ViewController.swift in Sources */ = {isa = PBXBuildFile; fileRef = 92A51B281C43FE4B006A2A14 /* ViewController.swift */; };
		92A51B2C1C43FE4B006A2A14 /* Main.storyboard in Resources */ = {isa = PBXBuildFile; fileRef = 92A51B2A1C43FE4B006A2A14 /* Main.storyboard */; };
		92A51B2E1C43FE4B006A2A14 /* Assets.xcassets in Resources */ = {isa = PBXBuildFile; fileRef = 92A51B2D1C43FE4B006A2A14 /* Assets.xcassets */; };
		92A51B311C43FE4B006A2A14 /* LaunchScreen.storyboard in Resources */ = {isa = PBXBuildFile; fileRef = 92A51B2F1C43FE4B006A2A14 /* LaunchScreen.storyboard */; };
/* End PBXBuildFile section */

/* Begin PBXFileReference section */
		92A51B231C43FE4B006A2A14 /* showcase.app */ = {isa = PBXFileReference; explicitFileType = wrapper.application; includeInIndex = 0; path = showcase.app; sourceTree = BUILT_PRODUCTS_DIR; };
		92A51B261C43FE4B006A2A14 /* AppDelegate.swift */ = {isa = PBXFileReference; lastKnownFileType = sourcecode.swift; path = AppDelegate.swift; sourceTree = "<group>"; };
		92A51B281C43FE4B006A2A14 /* ViewController.swift */ = {isa = PBXFileReference; lastKnownFileType = sourcecode.swift; path = ViewController.swift; sourceTree = "<group>"; };
		92A51B2B1C43FE4B006A2A14 /* Base */ = {isa = PBXFileReference; lastKnownFileType = file.storyboard; name = Base; path = Base.lproj/Main.storyboard; sourceTree = "<group>"; };
		92A51B2D1C43FE4B006A2A14 /* Assets.xcassets */ = {isa = PBXFileReference; lastKnownFileType = folder.assetcatalog; path = Assets.xcassets; sourceTree = "<group>"; };
		92A51B301C43FE4B006A2A14 /* Base */ = {isa = PBXFileReference; lastKnownFileType = file.storyboard; name = Base; path = Base.lproj/LaunchScreen.storyboard; sourceTree = "<group>"; };
		92A51B321C43FE4B006A2A14 /* Info.plist */ = {isa = PBXFileReference; lastKnownFileType = text.plist.xml; path = Info.plist; sourceTree = "<group>"; };
/* End PBXFileReference section */

/* Begin PBXFrameworksBuildPhase section */
		92A51B201C43FE4B006A2A14 /* Frameworks */ = {
			isa = PBXFrameworksBuildPhase;
			buildActionMask = 2147483647;
			files = (
			);
			runOnlyForDeploymentPostprocessing = 0;
		};
/* End PBXFrameworksBuildPhase section */

/* Begin PBXGroup section */
		92A51B1A1C43FE4B006A2A14 = {
			isa = PBXGroup;
			children = (
				92A51B251C43FE4B006A2A14 /* showcase */,
				92A51B241C43FE4B006A2A14 /* Products */,
			);
			sourceTree = "<group>";
		};
		92A51B241C43FE4B006A2A14 /* Products */ = {
			isa = PBXGroup;
			children = (
				92A51B231C43FE4B006A2A14 /* showcase.app */,
			);
			name = Products;
			sourceTree = "<group>";
		};
		92A51B251C43FE4B006A2A14 /* showcase */ = {
			isa = PBXGroup;
			children = (
				92A51B261C43FE4B006A2A14 /* AppDelegate.swift */,
				92A51B281C43FE4B006A2A14 /* ViewController.swift */,
				92A51B2A1C43FE4B006A2A14 /* Main.storyboard */,
				92A51B2D1C43FE4B006A2A14 /* Assets.xcassets */,
				92A51B2F1C43FE4B006A2A14 /* LaunchScreen.storyboard */,
				92A51B321C43FE4B006A2A14 /* Info.plist */,
			);
			path = showcase;
			sourceTree = "<group>";
		};
/* End PBXGroup section */

/* Begin PBXNativeTarget section */
		92A51B221C43FE4B006A2A14 /* showcase */ = {
			isa = PBXNativeTarget;
			buildConfigurationList = 92A51B351C43FE4B006A2A14 /* Build configuration list for PBXNativeTarget "showcase" */;
			buildPhases = (
				92A51B1F1C43FE4B006A2A14 /* Sources */,
				92A51B201C43FE4B006A2A14 /* Frameworks */,
				92A51B211C43FE4B006A2A14 /* Resources */,
			);
			buildRules = (
			);
			dependencies = (
			);
			name = showcase;
			productName = showcase;
			productReference = 92A51B231C43FE4B006A2A14 /* showcase.app */;
			productType = "com.apple.product-type.application";
		};
/* End PBXNativeTarget section */

/* Begin PBXProject section */
		92A51B1B1C43FE4B006A2A14 /* Project object */ = {
			isa = PBXProject;
			attributes = {
				LastSwiftUpdateCheck = 0720;
				LastUpgradeCheck = 0720;
				ORGANIZATIONNAME = FaceCat;
				TargetAttributes = {
					92A51B221C43FE4B006A2A14 = {
						CreatedOnToolsVersion = 7.2;
						DevelopmentTeam = ZC6JT4NBEH;
					};
				};
			};
			buildConfigurationList = 92A51B1E1C43FE4B006A2A14 /* Build configuration list for PBXProject "showcase" */;
			compatibilityVersion = "Xcode 3.2";
			developmentRegion = English;
			hasScannedForEncodings = 0;
			knownRegions = (
				en,
				Base,
			);
			mainGroup = 92A51B1A1C43FE4B006A2A14;
			productRefGroup = 92A51B241C43FE4B006A2A14 /* Products */;
			projectDirPath = "";
			projectRoot = "";
			targets = (
				92A51B221C43FE4B006A2A14 /* showcase */,
			);
		};
/* End PBXProject section */

/* Begin PBXResourcesBuildPhase section */
		92A51B211C43FE4B006A2A14 /* Resources */ = {
			isa = PBXResourcesBuildPhase;
			buildActionMask = 2147483647;
			files = (
				92A51B311C43FE4B006A2A14 /* LaunchScreen.storyboard in Resources */,
				92A51B2E1C43FE4B006A2A14 /* Assets.xcassets in Resources */,
				92A51B2C1C43FE4B006A2A14 /* Main.storyboard in Resources */,
			);
			runOnlyForDeploymentPostprocessing = 0;
		};
/* End PBXResourcesBuildPhase section */

/* Begin PBXSourcesBuildPhase section */
		92A51B1F1C43FE4B006A2A14 /* Sources */ = {
			isa = PBXSourcesBuildPhase;
			buildActionMask = 2147483647;
			files = (
				92A51B291C43FE4B006A2A14 /* ViewController.swift in Sources */,
				92A51B271C43FE4B006A2A14 /* AppDelegate.swift in Sources */,
			);
			runOnlyForDeploymentPostprocessing = 0;
		};
/* End PBXSourcesBuildPhase section */

/* Begin PBXVariantGroup section */
		92A51B2A1C43FE4B006A2A14 /* Main.storyboard */ = {
			isa = PBXVariantGroup;
			children = (
				92A51B2B1C43FE4B006A2A14 /* Base */,
			);
			name = Main.storyboard;
			sourceTree = "<group>";
		};
		92A51B2F1C43FE4B006A2A14 /* LaunchScreen.storyboard */ = {
			isa = PBXVariantGroup;
			children = (
				92A51B301C43FE4B006A2A14 /* Base */,
			);
			name = LaunchScreen.storyboard;
			sourceTree = "<group>";
		};
/* End PBXVariantGroup section */

/* Begin XCBuildConfiguration section */
		92A51B331C43FE4B006A2A14 /* Debug */ = {
			isa = XCBuildConfiguration;
			buildSettings = {
				ALWAYS_SEARCH_USER_PATHS = NO;
				CLANG_CXX_LANGUAGE_STANDARD = "gnu++0x";
				CLANG_CXX_LIBRARY = "libc++";
				CLANG_ENABLE_MODULES = YES;
				CLANG_ENABLE_OBJC_ARC = YES;
				CLANG_WARN_BOOL_CONVERSION = YES;
				CLANG_WARN_CONSTANT_CONVERSION = YES;
				CLANG_WARN_DIRECT_OBJC_ISA_USAGE = YES_ERROR;
				CLANG_WARN_EMPTY_BODY = YES;
				CLANG_WARN_ENUM_CONVERSION = YES;
				CLANG_WARN_INT_CONVERSION = YES;
				CLANG_WARN_OBJC_ROOT_CLASS = YES_ERROR;
				CLANG_WARN_UNREACHABLE_CODE = YES;
				CLANG_WARN__DUPLICATE_METHOD_MATCH = YES;
				"CODE_SIGN_IDENTITY[sdk=iphoneos*]" = "iPhone Developer";
				COPY_PHASE_STRIP = NO;
				DEBUG_INFORMATION_FORMAT = dwarf;
				ENABLE_STRICT_OBJC_MSGSEND = YES;
				ENABLE_TESTABILITY = YES;
				GCC_C_LANGUAGE_STANDARD = gnu99;
				GCC_DYNAMIC_NO_PIC = NO;
				GCC_NO_COMMON_BLOCKS = YES;
				GCC_OPTIMIZATION_LEVEL = 0;
				GCC_PREPROCESSOR_DEFINITIONS = (
					"DEBUG=1",
					"$(inherited)",
				);
				GCC_WARN_64_TO_32_BIT_CONVERSION = YES;
				GCC_WARN_ABOUT_RETURN_TYPE = YES_ERROR;
				GCC_WARN_UNDECLARED_SELECTOR = YES;
				GCC_WARN_UNINITIALIZED_AUTOS = YES_AGGRESSIVE;
				GCC_WARN_UNUSED_FUNCTION = YES;
				GCC_WARN_UNUSED_VARIABLE = YES;
				IPHONEOS_DEPLOYMENT_TARGET = 9.2;
				MTL_ENABLE_DEBUG_INFO = YES;
				ONLY_ACTIVE_ARCH = YES;
				SDKROOT = iphoneos;
				SWIFT_OPTIMIZATION_LEVEL = "-Onone";
			};
			name = Debug;
		};
		92A51B341C43FE4B006A2A14 /* Release */ = {
			isa = XCBuildConfiguration;
			buildSettings = {
				ALWAYS_SEARCH_USER_PATHS = NO;
				CLANG_CXX_LANGUAGE_STANDARD = "gnu++0x";
				CLANG_CXX_LIBRARY = "libc++";
				CLANG_ENABLE_MODULES = YES;
				CLANG_ENABLE_OBJC_ARC = YES;
				CLANG_WARN_BOOL_CONVERSION = YES;
				CLANG_WARN_CONSTANT_CONVERSION = YES;
				CLANG_WARN_DIRECT_OBJC_ISA_USAGE = YES_ERROR;
				CLANG_WARN_EMPTY_BODY = YES;
				CLANG_WARN_ENUM_CONVERSION = YES;
				CLANG_WARN_INT_CONVERSION = YES;
				CLANG_WARN_OBJC_ROOT_CLASS = YES_ERROR;
				CLANG_WARN_UNREACHABLE_CODE = YES;
				CLANG_WARN__DUPLICATE_METHOD_MATCH = YES;
				"CODE_SIGN_IDENTITY[sdk=iphoneos*]" = "iPhone Developer";
				COPY_PHASE_STRIP = NO;
				DEBUG_INFORMATION_FORMAT = "dwarf-with-dsym";
				ENABLE_NS_ASSERTIONS = NO;
				ENABLE_STRICT_OBJC_MSGSEND = YES;
				GCC_C_LANGUAGE_STANDARD = gnu99;
				GCC_NO_COMMON_BLOCKS = YES;
				GCC_WARN_64_TO_32_BIT_CONVERSION = YES;
				GCC_WARN_ABOUT_RETURN_TYPE = YES_ERROR;
				GCC_WARN_UNDECLARED_SELECTOR = YES;
				GCC_WARN_UNINITIALIZED_AUTOS = YES_AGGRESSIVE;
				GCC_WARN_UNUSED_FUNCTION = YES;
				GCC_WARN_UNUSED_VARIABLE = YES;
				IPHONEOS_DEPLOYMENT_TARGET = 9.2;
				MTL_ENABLE_DEBUG_INFO = NO;
				SDKROOT = iphoneos;
				VALIDATE_PRODUCT = YES;
			};
			name = Release;
		};
		92A51B361C43FE4B006A2A14 /* Debug */ = {
			isa = XCBuildConfiguration;
			buildSettings = {
				ASSETCATALOG_COMPILER_APPICON_NAME = AppIcon;
				INFOPLIST_FILE = showcase/Info.plist;
				LD_RUNPATH_SEARCH_PATHS = "$(inherited) @executable_path/Frameworks";
				PRODUCT_BUNDLE_IDENTIFIER = com.FaceCat.showcase;
				PRODUCT_NAME = "$(TARGET_NAME)";
			};
			name = Debug;
		};
		92A51B371C43FE4B006A2A14 /* Release */ = {
			isa = XCBuildConfiguration;
			buildSettings = {
				ASSETCATALOG_COMPILER_APPICON_NAME = AppIcon;
				INFOPLIST_FILE = showcase/Info.plist;
				LD_RUNPATH_SEARCH_PATHS = "$(inherited) @executable_path/Frameworks";
				PRODUCT_BUNDLE_IDENTIFIER = com.FaceCat.showcase;
				PRODUCT_NAME = "$(TARGET_NAME)";
			};
			name = Release;
		};
/* End XCBuildConfiguration section */

/* Begin XCConfigurationList section */
		92A51B1E1C43FE4B006A2A14 /* Build configuration list for PBXProject "showcase" */ = {
			isa = XCConfigurationList;
			buildConfigurations = (
				92A51B331C43FE4B006A2A14 /* Debug */,
				92A51B341C43FE4B006A2A14 /* Release */,
			);
			defaultConfigurationIsVisible = 0;
			defaultConfigurationName = Release;
		};
		92A51B351C43FE4B006A2A14 /* Build configuration list for PBXNativeTarget "showcase" */ = {
			isa = XCConfigurationList;
			buildConfigurations = (
				92A51B361C43FE4B006A2A14 /* Debug */,
				92A51B371C43FE4B006A2A14 /* Release */,
			);
			defaultConfigurationIsVisible = 0;
		};
/* End XCConfigurationList section */
	};
	rootObject = 92A51B1B1C43FE4B006A2A14 /* Project object */;
}
